<Solution>
  <Folder Name="/Task0/">
    <Project Path="Tyuiu.KolobashkinAA.Sprint0.Task0.V0/Tyuiu.KolobashkinAA.Sprint0.Task0.V0.csproj" />
  </Folder>
  <Folder Name="/Task1/">
    <Project Path="Tyuiu.KolobashkinAA.Sprint0.Task1.V0/Tyuiu.KolobashkinAA.Sprint0.Task1.V0.csproj" Id="5b192801-e50a-440b-8530-50149712f3b2" />
  </Folder>
  <Folder Name="/Task2/">
    <Project Path="Tyuiu.KolobashkinAA.Sprint0.Task.V0.Lib/Tyuiu.KolobashkinAA.Sprint0.Task2.V0.Lib.csproj" Id="faabd456-b17d-4afd-9b6b-0e3afcff1713" />
    <Project Path="Tyuiu.KolobashkinAA.Sprint0.Task2.V0.Test/Tyuiu.KolobashkinAA.Sprint0.Task2.V0.Test.csproj" Id="cb8c5aa1-d168-40ea-aeb5-37dba781862d" />
    <Project Path="Tyuiu.KolobashkinAA.Sprint0.Task2.V0/Tyuiu.KolobashkinAA.Sprint0.Task2.V0.csproj" Id="e206b884-ae7e-422e-b4b9-373afe905485" />
  </Folder>
  <Folder Name="/Task3/">
    <Project Path="Tyuiu.KolobashkinAA.Sprint0.Task3.V0.Lib/Tyuiu.KolobashkinAA.Sprint0.Task3.V0.Lib.csproj" Id="356dd038-1058-45fc-ad14-e511d970df56" />
    <Project Path="Tyuiu.KolobashkinAA.Sprint0.Task3.V0.Test/Tyuiu.KolobashkinAA.Sprint0.Task3.V0.Test.csproj" Id="64acd20e-5544-4485-a305-80645c547ba4" />
    <Project Path="Tyuiu.KolobashkinAA.Sprint0.Task3.V0/Tyuiu.KolobashkinAA.Sprint0.Task3.V0.csproj" Id="6aaebdbb-89b8-41c9-9976-e4e97d4988b1" />
  </Folder>
  <Folder Name="/Task4/">
    <Project Path="Tyuiu.KolobashkinAA.Sprint0.Task4.V0.Lib/Tyuiu.KolobashkinAA.Sprint0.Task4.V0.Lib.csproj" Id="a5056d5b-a8ed-42b9-b3fb-1eb2f3e27dc7" />
    <Project Path="Tyuiu.KolobashkinAA.Sprint0.Task4.V0.Test/Tyuiu.KolobashkinAA.Sprint0.Task4.V0.Test.csproj" Id="3d5acd0f-0502-471e-b074-0fbaba76b729" />
    <Project Path="Tyuiu.KolobashkinAA.Sprint0.Task4.V0/Tyuiu.KolobashkinAA.Sprint0.Task4.V0.csproj" Id="5f82e0e9-1efc-4ebc-9b18-ef8870a31a24" />
  </Folder>
  <Folder Name="/Task5/">
    <Project Path="Tyuiu.KolobashkinAA.Sprint0.Task5.V0.Lib/Tyuiu.KolobashkinAA.Sprint0.Task5.V0.Lib.csproj" Id="fb3dec92-6ac0-48ac-b9b0-6de2dd570b49" />
    <Project Path="Tyuiu.KolobashkinAA.Sprint0.Task5.V0.Test/Tyuiu.KolobashkinAA.Sprint0.Task5.V0.Test.csproj" Id="3addfbc5-2654-435f-8be4-fe59c08f5cac" />
    <Project Path="Tyuiu.KolobashkinAA.Sprint0.Task5.V0/Tyuiu.KolobashkinAA.Sprint0.Task5.V0.csproj" Id="412ea18c-bbaf-4a81-8621-84ef934d3cf9" />
  </Folder>
  <Folder Name="/Task6/">
    <Project Path="Tyuiu.KolobashkinAA.Sprint0.Task6.V0.Lib/Tyuiu.KolobashkinAA.Sprint0.Task6.V0.Lib.csproj" Id="ee3d86fc-cb8a-484a-bb1f-e99367023862" />
    <Project Path="Tyuiu.KolobashkinAA.Sprint0.Task6.V0.Test/Tyuiu.KolobashkinAA.Sprint0.Task6.V0.Test.csproj" Id="4ed05a78-0302-4e31-ba61-c73678a2f6f5" />
    <Project Path="Tyuiu.KolobashkinAA.Sprint0.Task6.V0/Tyuiu.KolobashkinAA.Sprint0.Task6.V0.csproj" Id="1d0024d3-934b-48d3-8dae-9f9068b8a747" />
  </Folder>
  <Folder Name="/Task7/">
    <Project Path="Tyuiu.KolobashkinAA.Sprint0.Task7.V0.Lib/Tyuiu.KolobashkinAA.Sprint0.Task7.V0.Lib.csproj" Id="859388f1-83c5-4c8b-ac78-1f99fafc5f75" />
    <Project Path="Tyuiu.KolobashkinAA.Sprint0.Task7.V0.Test/Tyuiu.KolobashkinAA.Sprint0.Task7.V0.Test.csproj" Id="9d4eb543-7c36-4c51-97af-a96307fb45cf" />
    <Project Path="Tyuiu.KolobashkinAA.Sprint0.Task7.V0/Tyuiu.KolobashkinAA.Sprint0.Task7.V0.csproj" Id="4358b864-b84a-4a98-9814-d7f8f6a40cdb" />
  </Folder>
</Solution>
