<Solution>
  <Folder Name="/Task0/">
    <Project Path="Tyuiu.KolobashkinAA.Sprint0.Task0.V0/Tyuiu.KolobashkinAA.Sprint0.Task0.V0.csproj" />
  </Folder>
  <Folder Name="/Task1/">
    <Project Path="Tyuiu.KolobashkinAA.Sprint0.Task1.V0/Tyuiu.KolobashkinAA.Sprint0.Task1.V0.csproj" Id="5b192801-e50a-440b-8530-50149712f3b2" />
  </Folder>
  <Folder Name="/Task2/">
    <Project Path="Tyuiu.KolobashkinAA.Sprint0.Task.V0.Lib/Tyuiu.KolobashkinAA.Sprint0.Task2.V0.Lib.csproj" Id="faabd456-b17d-4afd-9b6b-0e3afcff1713" />
    <Project Path="Tyuiu.KolobashkinAA.Sprint0.Task2.V0.Test/Tyuiu.KolobashkinAA.Sprint0.Task2.V0.Test.csproj" Id="cb8c5aa1-d168-40ea-aeb5-37dba781862d" />
    <Project Path="Tyuiu.KolobashkinAA.Sprint0.Task2.V0/Tyuiu.KolobashkinAA.Sprint0.Task2.V0.csproj" Id="e206b884-ae7e-422e-b4b9-373afe905485" />
  </Folder>
  <Folder Name="/Task3/">
    <Project Path="Tyuiu.KolobashkinAA.Sprint0.Task3.V0.Lib/Tyuiu.KolobashkinAA.Sprint0.Task3.V0.Lib.csproj" Id="356dd038-1058-45fc-ad14-e511d970df56" />
    <Project Path="Tyuiu.KolobashkinAA.Sprint0.Task3.V0.Test/Tyuiu.KolobashkinAA.Sprint0.Task3.V0.Test.csproj" Id="64acd20e-5544-4485-a305-80645c547ba4" />
    <Project Path="Tyuiu.KolobashkinAA.Sprint0.Task3.V0/Tyuiu.KolobashkinAA.Sprint0.Task3.V0.csproj" Id="6aaebdbb-89b8-41c9-9976-e4e97d4988b1" />
  </Folder>
</Solution>
